
Microsoft Visual Studio Solution File, Format Version 12.00
# Visual Studio Version 18
VisualStudioVersion = 18.3.11206.111 d18.3
MinimumVisualStudioVersion = 10.0.40219.1
Project("{FAE04EC0-301F-11D3-BF4B-00C04F79EFBC}") = "BookLibrary", "BookLibrary.csproj", "{A4A0E874-3A36-458F-885D-0275B5FD8829}"
EndProject
Global
	GlobalSection(SolutionConfigurationPlatforms) = preSolution
		Debug|Any CPU = Debug|Any CPU
		Release|Any CPU = Release|Any CPU
	EndGlobalSection
	GlobalSection(ProjectConfigurationPlatforms) = postSolution
		{A4A0E874-3A36-458F-885D-0275B5FD8829}.Debug|Any CPU.ActiveCfg = Debug|Any CPU
		{A4A0E874-3A36-458F-885D-0275B5FD8829}.Debug|Any CPU.Build.0 = Debug|Any CPU
		{A4A0E874-3A36-458F-885D-0275B5FD8829}.Release|Any CPU.ActiveCfg = Release|Any CPU
		{A4A0E874-3A36-458F-885D-0275B5FD8829}.Release|Any CPU.Build.0 = Release|Any CPU
	EndGlobalSection
	GlobalSection(SolutionProperties) = preSolution
		HideSolutionNode = FALSE
	EndGlobalSection
	GlobalSection(ExtensibilityGlobals) = postSolution
		SolutionGuid = {0AA47803-C87D-41EA-8DF9-4C3B4D81CE62}
	EndGlobalSection
EndGlobal
